
Microsoft Visual Studio Solution File, Format Version 11.00
# Visual C# Express 2010
Project("{FAE04EC0-301F-11D3-BF4B-00C04F79EFBC}") = "GenerazionePersonaggio", "GenerazionePersonaggio\GenerazionePersonaggio.csproj", "{9D8D8FB3-6A73-40D4-8F60-64EEA1F2E0CE}"
EndProject
Global
	GlobalSection(SolutionConfigurationPlatforms) = preSolution
		Debug|x86 = Debug|x86
		Release|x86 = Release|x86
	EndGlobalSection
	GlobalSection(ProjectConfigurationPlatforms) = postSolution
		{9D8D8FB3-6A73-40D4-8F60-64EEA1F2E0CE}.Debug|x86.ActiveCfg = Debug|x86
		{9D8D8FB3-6A73-40D4-8F60-64EEA1F2E0CE}.Debug|x86.Build.0 = Debug|x86
		{9D8D8FB3-6A73-40D4-8F60-64EEA1F2E0CE}.Release|x86.ActiveCfg = Release|x86
		{9D8D8FB3-6A73-40D4-8F60-64EEA1F2E0CE}.Release|x86.Build.0 = Release|x86
	EndGlobalSection
	GlobalSection(SolutionProperties) = preSolution
		HideSolutionNode = FALSE
	EndGlobalSection
EndGlobal
